// !$*UTF8*$!
{
	archiveVersion = 1;
	classes = {
	};
	objectVersion = 77;
	objects = {

/* Begin PBXBuildFile section */
		F308989E2E390EFA00836434 /* Assets.xcassets in Resources */ = {isa = PBXBuildFile; fileRef = F308989A2E390EFA00836434 /* Assets.xcassets */; };
		F308989F2E390EFA00836434 /* HomeView.swift in Sources */ = {isa = PBXBuildFile; fileRef = F308989B2E390EFA00836434 /* HomeView.swift */; };
		F30898A02E390EFA00836434 /* JoiefullApp.swift in Sources */ = {isa = PBXBuildFile; fileRef = F308989C2E390EFA00836434 /* JoiefullApp.swift */; };
		F30898A32E390F7700836434 /* Constants.swift in Sources */ = {isa = PBXBuildFile; fileRef = F30898A22E390F7700836434 /* Constants.swift */; };
		F30898A72E39124500836434 /* JoiefullAPIService.swift in Sources */ = {isa = PBXBuildFile; fileRef = F30898A62E39124500836434 /* JoiefullAPIService.swift */; };
		F30898AA2E39141400836434 /* Product.swift in Sources */ = {isa = PBXBuildFile; fileRef = F30898A92E39141400836434 /* Product.swift */; };
		F30898AE2E39156800836434 /* JoiefullRepository.swift in Sources */ = {isa = PBXBuildFile; fileRef = F30898AD2E39156800836434 /* JoiefullRepository.swift */; };
		F30898B22E391F5000836434 /* HomeViewModel.swift in Sources */ = {isa = PBXBuildFile; fileRef = F30898B12E391F5000836434 /* HomeViewModel.swift */; };
		F30898F52E3923C100836434 /* APIError.swift in Sources */ = {isa = PBXBuildFile; fileRef = F30898F42E3923C100836434 /* APIError.swift */; };
		F308993A2E3925F100836434 /* CategoryRow.swift in Sources */ = {isa = PBXBuildFile; fileRef = F30899392E3925F100836434 /* CategoryRow.swift */; };
		F308993C2E3928ED00836434 /* CategoryItem.swift in Sources */ = {isa = PBXBuildFile; fileRef = F308993B2E3928ED00836434 /* CategoryItem.swift */; };
		F33AA0332E3CEA8300E68245 /* ShareSheet.swift in Sources */ = {isa = PBXBuildFile; fileRef = F33AA0322E3CEA8300E68245 /* ShareSheet.swift */; };
		F33AA0352E3CED6600E68245 /* DetailsViewModel.swift in Sources */ = {isa = PBXBuildFile; fileRef = F33AA0342E3CED6600E68245 /* DetailsViewModel.swift */; };
		F34A0C0A2E3B969A0098584B /* AsyncImageView.swift in Sources */ = {isa = PBXBuildFile; fileRef = F34A0C092E3B969A0098584B /* AsyncImageView.swift */; };
		F34A0C0C2E3BC3A80098584B /* FullscreenImageView.swift in Sources */ = {isa = PBXBuildFile; fileRef = F34A0C0B2E3BC3A80098584B /* FullscreenImageView.swift */; };
		F34A0C0E2E3BC5D50098584B /* StarRatingView.swift in Sources */ = {isa = PBXBuildFile; fileRef = F34A0C0D2E3BC5D50098584B /* StarRatingView.swift */; };
		F3789E2D2E41FED000B682D6 /* RatingsMock.swift in Sources */ = {isa = PBXBuildFile; fileRef = F3789E2C2E41FED000B682D6 /* RatingsMock.swift */; };
		F3789E312E420D7300B682D6 /* RatingsVM.swift in Sources */ = {isa = PBXBuildFile; fileRef = F3789E302E420D7300B682D6 /* RatingsVM.swift */; };
		F3789E332E4226BF00B682D6 /* FavoriteVM.swift in Sources */ = {isa = PBXBuildFile; fileRef = F3789E322E4226BF00B682D6 /* FavoriteVM.swift */; };
		F3789E8D2E424E4F00B682D6 /* IpadHomeView.swift in Sources */ = {isa = PBXBuildFile; fileRef = F3789E8C2E424E4F00B682D6 /* IpadHomeView.swift */; };
		F3789E8F2E424E5E00B682D6 /* IphoneHomeView.swift in Sources */ = {isa = PBXBuildFile; fileRef = F3789E8E2E424E5E00B682D6 /* IphoneHomeView.swift */; };
		F38F71B52E3A669D00AD39BA /* LaunchView.swift in Sources */ = {isa = PBXBuildFile; fileRef = F38F71B42E3A669D00AD39BA /* LaunchView.swift */; };
		F38F71B82E3A6A8F00AD39BA /* DetailsView.swift in Sources */ = {isa = PBXBuildFile; fileRef = F38F71B72E3A6A8F00AD39BA /* DetailsView.swift */; };
		F3921F9C2E4CA4CD000BA1EA /* Comment.swift in Sources */ = {isa = PBXBuildFile; fileRef = F3921F9B2E4CA4CD000BA1EA /* Comment.swift */; };
		F3921FA02E4CBF75000BA1EA /* DetailsViewModelTests.swift in Sources */ = {isa = PBXBuildFile; fileRef = F3921F9F2E4CBF75000BA1EA /* DetailsViewModelTests.swift */; };
		F3C77E6B2E4B94B200A8C961 /* FavoriteViewModelTests.swift in Sources */ = {isa = PBXBuildFile; fileRef = F3C77E652E4B94B200A8C961 /* FavoriteViewModelTests.swift */; };
		F3C77E6C2E4B94B200A8C961 /* JoiefullRepositoryDataMock.swift in Sources */ = {isa = PBXBuildFile; fileRef = F3C77E662E4B94B200A8C961 /* JoiefullRepositoryDataMock.swift */; };
		F3C77E6D2E4B94B200A8C961 /* JoiefullRepositoryTests.swift in Sources */ = {isa = PBXBuildFile; fileRef = F3C77E672E4B94B200A8C961 /* JoiefullRepositoryTests.swift */; };
		F3C77E6E2E4B94B200A8C961 /* MockURLProtocol.swift in Sources */ = {isa = PBXBuildFile; fileRef = F3C77E682E4B94B200A8C961 /* MockURLProtocol.swift */; };
		F3C77E6F2E4B94B200A8C961 /* RatingsViewModelTests.swift in Sources */ = {isa = PBXBuildFile; fileRef = F3C77E692E4B94B200A8C961 /* RatingsViewModelTests.swift */; };
		F3C77E752E4B9A9B00A8C961 /* JoiefullAPIServiceTests.swift in Sources */ = {isa = PBXBuildFile; fileRef = F3C77E742E4B9A9B00A8C961 /* JoiefullAPIServiceTests.swift */; };
		F3C77E772E4B9ADC00A8C961 /* JoiefullAPIServiceMock.swift in Sources */ = {isa = PBXBuildFile; fileRef = F3C77E762E4B9ADC00A8C961 /* JoiefullAPIServiceMock.swift */; };
		F3C77E792E4BA3AD00A8C961 /* HomeViewModelTests.swift in Sources */ = {isa = PBXBuildFile; fileRef = F3C77E782E4BA3AD00A8C961 /* HomeViewModelTests.swift */; };
		F3C77E7B2E4BA41600A8C961 /* JoiefullRepositoryMock.swift in Sources */ = {isa = PBXBuildFile; fileRef = F3C77E7A2E4BA41600A8C961 /* JoiefullRepositoryMock.swift */; };
		F3D39EF72E49EFF400233D40 /* FakeJoiefullRepository.swift in Sources */ = {isa = PBXBuildFile; fileRef = F3D39EF62E49EFF400233D40 /* FakeJoiefullRepository.swift */; };
/* End PBXBuildFile section */

/* Begin PBXContainerItemProxy section */
		F3789E6D2E42324400B682D6 /* PBXContainerItemProxy */ = {
			isa = PBXContainerItemProxy;
			containerPortal = F30898272E39083A00836434 /* Project object */;
			proxyType = 1;
			remoteGlobalIDString = F308982E2E39083A00836434;
			remoteInfo = Joiefull;
		};
/* End PBXContainerItemProxy section */

/* Begin PBXFileReference section */
		F308982F2E39083A00836434 /* Joiefull.app */ = {isa = PBXFileReference; explicitFileType = wrapper.application; includeInIndex = 0; path = Joiefull.app; sourceTree = BUILT_PRODUCTS_DIR; };
		F308989A2E390EFA00836434 /* Assets.xcassets */ = {isa = PBXFileReference; lastKnownFileType = folder.assetcatalog; path = Assets.xcassets; sourceTree = "<group>"; };
		F308989B2E390EFA00836434 /* HomeView.swift */ = {isa = PBXFileReference; lastKnownFileType = sourcecode.swift; path = HomeView.swift; sourceTree = "<group>"; };
		F308989C2E390EFA00836434 /* JoiefullApp.swift */ = {isa = PBXFileReference; lastKnownFileType = sourcecode.swift; path = JoiefullApp.swift; sourceTree = "<group>"; };
		F30898A22E390F7700836434 /* Constants.swift */ = {isa = PBXFileReference; lastKnownFileType = sourcecode.swift; path = Constants.swift; sourceTree = "<group>"; };
		F30898A62E39124500836434 /* JoiefullAPIService.swift */ = {isa = PBXFileReference; lastKnownFileType = sourcecode.swift; path = JoiefullAPIService.swift; sourceTree = "<group>"; };
		F30898A92E39141400836434 /* Product.swift */ = {isa = PBXFileReference; lastKnownFileType = sourcecode.swift; path = Product.swift; sourceTree = "<group>"; };
		F30898AD2E39156800836434 /* JoiefullRepository.swift */ = {isa = PBXFileReference; lastKnownFileType = sourcecode.swift; path = JoiefullRepository.swift; sourceTree = "<group>"; };
		F30898B12E391F5000836434 /* HomeViewModel.swift */ = {isa = PBXFileReference; lastKnownFileType = sourcecode.swift; path = HomeViewModel.swift; sourceTree = "<group>"; };
		F30898F42E3923C100836434 /* APIError.swift */ = {isa = PBXFileReference; lastKnownFileType = sourcecode.swift; path = APIError.swift; sourceTree = "<group>"; };
		F30899392E3925F100836434 /* CategoryRow.swift */ = {isa = PBXFileReference; lastKnownFileType = sourcecode.swift; path = CategoryRow.swift; sourceTree = "<group>"; };
		F308993B2E3928ED00836434 /* CategoryItem.swift */ = {isa = PBXFileReference; lastKnownFileType = sourcecode.swift; path = CategoryItem.swift; sourceTree = "<group>"; };
		F33AA0322E3CEA8300E68245 /* ShareSheet.swift */ = {isa = PBXFileReference; lastKnownFileType = sourcecode.swift; path = ShareSheet.swift; sourceTree = "<group>"; };
		F33AA0342E3CED6600E68245 /* DetailsViewModel.swift */ = {isa = PBXFileReference; lastKnownFileType = sourcecode.swift; path = DetailsViewModel.swift; sourceTree = "<group>"; };
		F34A0C092E3B969A0098584B /* AsyncImageView.swift */ = {isa = PBXFileReference; lastKnownFileType = sourcecode.swift; path = AsyncImageView.swift; sourceTree = "<group>"; };
		F34A0C0B2E3BC3A80098584B /* FullscreenImageView.swift */ = {isa = PBXFileReference; lastKnownFileType = sourcecode.swift; path = FullscreenImageView.swift; sourceTree = "<group>"; };
		F34A0C0D2E3BC5D50098584B /* StarRatingView.swift */ = {isa = PBXFileReference; lastKnownFileType = sourcecode.swift; path = StarRatingView.swift; sourceTree = "<group>"; };
		F3789E2C2E41FED000B682D6 /* RatingsMock.swift */ = {isa = PBXFileReference; lastKnownFileType = sourcecode.swift; path = RatingsMock.swift; sourceTree = "<group>"; };
		F3789E302E420D7300B682D6 /* RatingsVM.swift */ = {isa = PBXFileReference; lastKnownFileType = sourcecode.swift; path = RatingsVM.swift; sourceTree = "<group>"; };
		F3789E322E4226BF00B682D6 /* FavoriteVM.swift */ = {isa = PBXFileReference; lastKnownFileType = sourcecode.swift; path = FavoriteVM.swift; sourceTree = "<group>"; };
		F3789E692E42324400B682D6 /* JoiefullTests.xctest */ = {isa = PBXFileReference; explicitFileType = wrapper.cfbundle; includeInIndex = 0; path = JoiefullTests.xctest; sourceTree = BUILT_PRODUCTS_DIR; };
		F3789E8C2E424E4F00B682D6 /* IpadHomeView.swift */ = {isa = PBXFileReference; lastKnownFileType = sourcecode.swift; path = IpadHomeView.swift; sourceTree = "<group>"; };
		F3789E8E2E424E5E00B682D6 /* IphoneHomeView.swift */ = {isa = PBXFileReference; lastKnownFileType = sourcecode.swift; path = IphoneHomeView.swift; sourceTree = "<group>"; };
		F38F71B42E3A669D00AD39BA /* LaunchView.swift */ = {isa = PBXFileReference; lastKnownFileType = sourcecode.swift; path = LaunchView.swift; sourceTree = "<group>"; };
		F38F71B72E3A6A8F00AD39BA /* DetailsView.swift */ = {isa = PBXFileReference; lastKnownFileType = sourcecode.swift; path = DetailsView.swift; sourceTree = "<group>"; };
		F3921F9B2E4CA4CD000BA1EA /* Comment.swift */ = {isa = PBXFileReference; lastKnownFileType = sourcecode.swift; path = Comment.swift; sourceTree = "<group>"; };
		F3921F9F2E4CBF75000BA1EA /* DetailsViewModelTests.swift */ = {isa = PBXFileReference; lastKnownFileType = sourcecode.swift; path = DetailsViewModelTests.swift; sourceTree = "<group>"; };
		F3C77E652E4B94B200A8C961 /* FavoriteViewModelTests.swift */ = {isa = PBXFileReference; lastKnownFileType = sourcecode.swift; path = FavoriteViewModelTests.swift; sourceTree = "<group>"; };
		F3C77E662E4B94B200A8C961 /* JoiefullRepositoryDataMock.swift */ = {isa = PBXFileReference; lastKnownFileType = sourcecode.swift; path = JoiefullRepositoryDataMock.swift; sourceTree = "<group>"; };
		F3C77E672E4B94B200A8C961 /* JoiefullRepositoryTests.swift */ = {isa = PBXFileReference; lastKnownFileType = sourcecode.swift; path = JoiefullRepositoryTests.swift; sourceTree = "<group>"; };
		F3C77E682E4B94B200A8C961 /* MockURLProtocol.swift */ = {isa = PBXFileReference; lastKnownFileType = sourcecode.swift; path = MockURLProtocol.swift; sourceTree = "<group>"; };
		F3C77E692E4B94B200A8C961 /* RatingsViewModelTests.swift */ = {isa = PBXFileReference; lastKnownFileType = sourcecode.swift; path = RatingsViewModelTests.swift; sourceTree = "<group>"; };
		F3C77E742E4B9A9B00A8C961 /* JoiefullAPIServiceTests.swift */ = {isa = PBXFileReference; lastKnownFileType = sourcecode.swift; path = JoiefullAPIServiceTests.swift; sourceTree = "<group>"; };
		F3C77E762E4B9ADC00A8C961 /* JoiefullAPIServiceMock.swift */ = {isa = PBXFileReference; lastKnownFileType = sourcecode.swift; path = JoiefullAPIServiceMock.swift; sourceTree = "<group>"; };
		F3C77E782E4BA3AD00A8C961 /* HomeViewModelTests.swift */ = {isa = PBXFileReference; lastKnownFileType = sourcecode.swift; path = HomeViewModelTests.swift; sourceTree = "<group>"; };
		F3C77E7A2E4BA41600A8C961 /* JoiefullRepositoryMock.swift */ = {isa = PBXFileReference; lastKnownFileType = sourcecode.swift; path = JoiefullRepositoryMock.swift; sourceTree = "<group>"; };
		F3D39EF62E49EFF400233D40 /* FakeJoiefullRepository.swift */ = {isa = PBXFileReference; lastKnownFileType = sourcecode.swift; path = FakeJoiefullRepository.swift; sourceTree = "<group>"; };
		F3F415972E464BDD004643C7 /* Info.plist */ = {isa = PBXFileReference; lastKnownFileType = text.plist; path = Info.plist; sourceTree = "<group>"; };
/* End PBXFileReference section */

/* Begin PBXFrameworksBuildPhase section */
		F308982C2E39083A00836434 /* Frameworks */ = {
			isa = PBXFrameworksBuildPhase;
			buildActionMask = 2147483647;
			files = (
			);
			runOnlyForDeploymentPostprocessing = 0;
		};
		F3789E662E42324400B682D6 /* Frameworks */ = {
			isa = PBXFrameworksBuildPhase;
			buildActionMask = 2147483647;
			files = (
			);
			runOnlyForDeploymentPostprocessing = 0;
		};
/* End PBXFrameworksBuildPhase section */

/* Begin PBXGroup section */
		F30898262E39083A00836434 = {
			isa = PBXGroup;
			children = (
				F308989D2E390EFA00836434 /* Joiefull */,
				F30898302E39083A00836434 /* Products */,
			);
			sourceTree = "<group>";
		};
		F30898302E39083A00836434 /* Products */ = {
			isa = PBXGroup;
			children = (
				F308982F2E39083A00836434 /* Joiefull.app */,
				F3789E692E42324400B682D6 /* JoiefullTests.xctest */,
			);
			name = Products;
			sourceTree = "<group>";
		};
		F30898992E390EFA00836434 /* Model */ = {
			isa = PBXGroup;
			children = (
				F30898A82E39140B00836434 /* DataModel */,
				F30898A12E390F0300836434 /* API */,
				F3789E2C2E41FED000B682D6 /* RatingsMock.swift */,
			);
			path = Model;
			sourceTree = "<group>";
		};
		F308989D2E390EFA00836434 /* Joiefull */ = {
			isa = PBXGroup;
			children = (
				F3D39EFA2E49F13700233D40 /* FakeVersions */,
				F3F415972E464BDD004643C7 /* Info.plist */,
				F30898992E390EFA00836434 /* Model */,
				F308989A2E390EFA00836434 /* Assets.xcassets */,
				F308989C2E390EFA00836434 /* JoiefullApp.swift */,
				F30898A22E390F7700836434 /* Constants.swift */,
				F30898A42E39115D00836434 /* UI */,
			);
			path = Joiefull;
			sourceTree = "<group>";
		};
		F30898A12E390F0300836434 /* API */ = {
			isa = PBXGroup;
			children = (
				F30898A62E39124500836434 /* JoiefullAPIService.swift */,
				F30898AD2E39156800836434 /* JoiefullRepository.swift */,
				F30898F42E3923C100836434 /* APIError.swift */,
			);
			path = API;
			sourceTree = "<group>";
		};
		F30898A42E39115D00836434 /* UI */ = {
			isa = PBXGroup;
			children = (
				F38F71B62E3A6A8300AD39BA /* Details */,
				F30898A52E39117400836434 /* Home */,
				F38F71B42E3A669D00AD39BA /* LaunchView.swift */,
				F34A0C092E3B969A0098584B /* AsyncImageView.swift */,
				F3789E302E420D7300B682D6 /* RatingsVM.swift */,
				F3789E322E4226BF00B682D6 /* FavoriteVM.swift */,
				F3C77E6A2E4B94B200A8C961 /* JoiefullTests */,
			);
			path = UI;
			sourceTree = "<group>";
		};
		F30898A52E39117400836434 /* Home */ = {
			isa = PBXGroup;
			children = (
				F308989B2E390EFA00836434 /* HomeView.swift */,
				F3789E8C2E424E4F00B682D6 /* IpadHomeView.swift */,
				F3789E8E2E424E5E00B682D6 /* IphoneHomeView.swift */,
				F30898B12E391F5000836434 /* HomeViewModel.swift */,
				F30899392E3925F100836434 /* CategoryRow.swift */,
				F308993B2E3928ED00836434 /* CategoryItem.swift */,
			);
			path = Home;
			sourceTree = "<group>";
		};
		F30898A82E39140B00836434 /* DataModel */ = {
			isa = PBXGroup;
			children = (
				F30898A92E39141400836434 /* Product.swift */,
				F3921F9B2E4CA4CD000BA1EA /* Comment.swift */,
			);
			path = DataModel;
			sourceTree = "<group>";
		};
		F38F71B62E3A6A8300AD39BA /* Details */ = {
			isa = PBXGroup;
			children = (
				F38F71B72E3A6A8F00AD39BA /* DetailsView.swift */,
				F33AA0342E3CED6600E68245 /* DetailsViewModel.swift */,
				F34A0C0D2E3BC5D50098584B /* StarRatingView.swift */,
				F34A0C0B2E3BC3A80098584B /* FullscreenImageView.swift */,
				F33AA0322E3CEA8300E68245 /* ShareSheet.swift */,
			);
			path = Details;
			sourceTree = "<group>";
		};
		F3C77E6A2E4B94B200A8C961 /* JoiefullTests */ = {
			isa = PBXGroup;
			children = (
				F3C77E722E4B9A5C00A8C961 /* VMTests */,
				F3C77E732E4B9A8000A8C961 /* APIServiceTests */,
				F3C77E712E4B9A4200A8C961 /* RepositoryTests */,
				F3C77E682E4B94B200A8C961 /* MockURLProtocol.swift */,
			);
			path = JoiefullTests;
			sourceTree = "<group>";
		};
		F3C77E712E4B9A4200A8C961 /* RepositoryTests */ = {
			isa = PBXGroup;
			children = (
				F3C77E672E4B94B200A8C961 /* JoiefullRepositoryTests.swift */,
				F3C77E662E4B94B200A8C961 /* JoiefullRepositoryDataMock.swift */,
			);
			path = RepositoryTests;
			sourceTree = "<group>";
		};
		F3C77E722E4B9A5C00A8C961 /* VMTests */ = {
			isa = PBXGroup;
			children = (
				F3C77E652E4B94B200A8C961 /* FavoriteViewModelTests.swift */,
				F3C77E692E4B94B200A8C961 /* RatingsViewModelTests.swift */,
				F3C77E782E4BA3AD00A8C961 /* HomeViewModelTests.swift */,
				F3C77E7A2E4BA41600A8C961 /* JoiefullRepositoryMock.swift */,
				F3921F9F2E4CBF75000BA1EA /* DetailsViewModelTests.swift */,
			);
			path = VMTests;
			sourceTree = "<group>";
		};
		F3C77E732E4B9A8000A8C961 /* APIServiceTests */ = {
			isa = PBXGroup;
			children = (
				F3C77E742E4B9A9B00A8C961 /* JoiefullAPIServiceTests.swift */,
				F3C77E762E4B9ADC00A8C961 /* JoiefullAPIServiceMock.swift */,
			);
			path = APIServiceTests;
			sourceTree = "<group>";
		};
		F3D39EFA2E49F13700233D40 /* FakeVersions */ = {
			isa = PBXGroup;
			children = (
				F3D39EF62E49EFF400233D40 /* FakeJoiefullRepository.swift */,
			);
			path = FakeVersions;
			sourceTree = "<group>";
		};
/* End PBXGroup section */

/* Begin PBXNativeTarget section */
		F308982E2E39083A00836434 /* Joiefull */ = {
			isa = PBXNativeTarget;
			buildConfigurationList = F308983A2E39083B00836434 /* Build configuration list for PBXNativeTarget "Joiefull" */;
			buildPhases = (
				F308982B2E39083A00836434 /* Sources */,
				F308982C2E39083A00836434 /* Frameworks */,
				F308982D2E39083A00836434 /* Resources */,
			);
			buildRules = (
			);
			dependencies = (
			);
			name = Joiefull;
			packageProductDependencies = (
			);
			productName = Joiefull;
			productReference = F308982F2E39083A00836434 /* Joiefull.app */;
			productType = "com.apple.product-type.application";
		};
		F3789E682E42324400B682D6 /* JoiefullTests */ = {
			isa = PBXNativeTarget;
			buildConfigurationList = F3789E712E42324400B682D6 /* Build configuration list for PBXNativeTarget "JoiefullTests" */;
			buildPhases = (
				F3789E652E42324400B682D6 /* Sources */,
				F3789E662E42324400B682D6 /* Frameworks */,
				F3789E672E42324400B682D6 /* Resources */,
			);
			buildRules = (
			);
			dependencies = (
				F3789E6E2E42324400B682D6 /* PBXTargetDependency */,
			);
			name = JoiefullTests;
			packageProductDependencies = (
			);
			productName = JoiefullTests;
			productReference = F3789E692E42324400B682D6 /* JoiefullTests.xctest */;
			productType = "com.apple.product-type.bundle.unit-test";
		};
/* End PBXNativeTarget section */

/* Begin PBXProject section */
		F30898272E39083A00836434 /* Project object */ = {
			isa = PBXProject;
			attributes = {
				BuildIndependentTargetsInParallel = 1;
				LastSwiftUpdateCheck = 1640;
				LastUpgradeCheck = 1640;
				TargetAttributes = {
					F308982E2E39083A00836434 = {
						CreatedOnToolsVersion = 16.4;
					};
					F3789E682E42324400B682D6 = {
						CreatedOnToolsVersion = 16.4;
						TestTargetID = F308982E2E39083A00836434;
					};
				};
			};
			buildConfigurationList = F308982A2E39083A00836434 /* Build configuration list for PBXProject "Joiefull" */;
			developmentRegion = fr;
			hasScannedForEncodings = 0;
			knownRegions = (
				en,
				Base,
				fr,
			);
			mainGroup = F30898262E39083A00836434;
			minimizedProjectReferenceProxies = 1;
			preferredProjectObjectVersion = 77;
			productRefGroup = F30898302E39083A00836434 /* Products */;
			projectDirPath = "";
			projectRoot = "";
			targets = (
				F308982E2E39083A00836434 /* Joiefull */,
				F3789E682E42324400B682D6 /* JoiefullTests */,
			);
		};
/* End PBXProject section */

/* Begin PBXResourcesBuildPhase section */
		F308982D2E39083A00836434 /* Resources */ = {
			isa = PBXResourcesBuildPhase;
			buildActionMask = 2147483647;
			files = (
				F308989E2E390EFA00836434 /* Assets.xcassets in Resources */,
			);
			runOnlyForDeploymentPostprocessing = 0;
		};
		F3789E672E42324400B682D6 /* Resources */ = {
			isa = PBXResourcesBuildPhase;
			buildActionMask = 2147483647;
			files = (
			);
			runOnlyForDeploymentPostprocessing = 0;
		};
/* End PBXResourcesBuildPhase section */

/* Begin PBXSourcesBuildPhase section */
		F308982B2E39083A00836434 /* Sources */ = {
			isa = PBXSourcesBuildPhase;
			buildActionMask = 2147483647;
			files = (
				F34A0C0E2E3BC5D50098584B /* StarRatingView.swift in Sources */,
				F33AA0352E3CED6600E68245 /* DetailsViewModel.swift in Sources */,
				F308989F2E390EFA00836434 /* HomeView.swift in Sources */,
				F38F71B52E3A669D00AD39BA /* LaunchView.swift in Sources */,
				F30898A02E390EFA00836434 /* JoiefullApp.swift in Sources */,
				F30898AE2E39156800836434 /* JoiefullRepository.swift in Sources */,
				F34A0C0C2E3BC3A80098584B /* FullscreenImageView.swift in Sources */,
				F3789E332E4226BF00B682D6 /* FavoriteVM.swift in Sources */,
				F3789E8F2E424E5E00B682D6 /* IphoneHomeView.swift in Sources */,
				F33AA0332E3CEA8300E68245 /* ShareSheet.swift in Sources */,
				F30898AA2E39141400836434 /* Product.swift in Sources */,
				F3789E312E420D7300B682D6 /* RatingsVM.swift in Sources */,
				F30898A72E39124500836434 /* JoiefullAPIService.swift in Sources */,
				F38F71B82E3A6A8F00AD39BA /* DetailsView.swift in Sources */,
				F30898F52E3923C100836434 /* APIError.swift in Sources */,
				F3D39EF72E49EFF400233D40 /* FakeJoiefullRepository.swift in Sources */,
				F30898A32E390F7700836434 /* Constants.swift in Sources */,
				F308993A2E3925F100836434 /* CategoryRow.swift in Sources */,
				F308993C2E3928ED00836434 /* CategoryItem.swift in Sources */,
				F3921F9C2E4CA4CD000BA1EA /* Comment.swift in Sources */,
				F34A0C0A2E3B969A0098584B /* AsyncImageView.swift in Sources */,
				F3789E2D2E41FED000B682D6 /* RatingsMock.swift in Sources */,
				F30898B22E391F5000836434 /* HomeViewModel.swift in Sources */,
				F3789E8D2E424E4F00B682D6 /* IpadHomeView.swift in Sources */,
			);
			runOnlyForDeploymentPostprocessing = 0;
		};
		F3789E652E42324400B682D6 /* Sources */ = {
			isa = PBXSourcesBuildPhase;
			buildActionMask = 2147483647;
			files = (
				F3C77E752E4B9A9B00A8C961 /* JoiefullAPIServiceTests.swift in Sources */,
				F3C77E7B2E4BA41600A8C961 /* JoiefullRepositoryMock.swift in Sources */,
				F3C77E6B2E4B94B200A8C961 /* FavoriteViewModelTests.swift in Sources */,
				F3C77E6C2E4B94B200A8C961 /* JoiefullRepositoryDataMock.swift in Sources */,
				F3C77E792E4BA3AD00A8C961 /* HomeViewModelTests.swift in Sources */,
				F3C77E6D2E4B94B200A8C961 /* JoiefullRepositoryTests.swift in Sources */,
				F3C77E772E4B9ADC00A8C961 /* JoiefullAPIServiceMock.swift in Sources */,
				F3921FA02E4CBF75000BA1EA /* DetailsViewModelTests.swift in Sources */,
				F3C77E6E2E4B94B200A8C961 /* MockURLProtocol.swift in Sources */,
				F3C77E6F2E4B94B200A8C961 /* RatingsViewModelTests.swift in Sources */,
			);
			runOnlyForDeploymentPostprocessing = 0;
		};
/* End PBXSourcesBuildPhase section */

/* Begin PBXTargetDependency section */
		F3789E6E2E42324400B682D6 /* PBXTargetDependency */ = {
			isa = PBXTargetDependency;
			target = F308982E2E39083A00836434 /* Joiefull */;
			targetProxy = F3789E6D2E42324400B682D6 /* PBXContainerItemProxy */;
		};
/* End PBXTargetDependency section */

/* Begin XCBuildConfiguration section */
		F30898382E39083B00836434 /* Debug */ = {
			isa = XCBuildConfiguration;
			buildSettings = {
				ALWAYS_SEARCH_USER_PATHS = NO;
				ASSETCATALOG_COMPILER_GENERATE_SWIFT_ASSET_SYMBOL_EXTENSIONS = YES;
				CLANG_ANALYZER_NONNULL = YES;
				CLANG_ANALYZER_NUMBER_OBJECT_CONVERSION = YES_AGGRESSIVE;
				CLANG_CXX_LANGUAGE_STANDARD = "gnu++20";
				CLANG_ENABLE_MODULES = YES;
				CLANG_ENABLE_OBJC_ARC = YES;
				CLANG_ENABLE_OBJC_WEAK = YES;
				CLANG_WARN_BLOCK_CAPTURE_AUTORELEASING = YES;
				CLANG_WARN_BOOL_CONVERSION = YES;
				CLANG_WARN_COMMA = YES;
				CLANG_WARN_CONSTANT_CONVERSION = YES;
				CLANG_WARN_DEPRECATED_OBJC_IMPLEMENTATIONS = YES;
				CLANG_WARN_DIRECT_OBJC_ISA_USAGE = YES_ERROR;
				CLANG_WARN_DOCUMENTATION_COMMENTS = YES;
				CLANG_WARN_EMPTY_BODY = YES;
				CLANG_WARN_ENUM_CONVERSION = YES;
				CLANG_WARN_INFINITE_RECURSION = YES;
				CLANG_WARN_INT_CONVERSION = YES;
				CLANG_WARN_NON_LITERAL_NULL_CONVERSION = YES;
				CLANG_WARN_OBJC_IMPLICIT_RETAIN_SELF = YES;
				CLANG_WARN_OBJC_LITERAL_CONVERSION = YES;
				CLANG_WARN_OBJC_ROOT_CLASS = YES_ERROR;
				CLANG_WARN_QUOTED_INCLUDE_IN_FRAMEWORK_HEADER = YES;
				CLANG_WARN_RANGE_LOOP_ANALYSIS = YES;
				CLANG_WARN_STRICT_PROTOTYPES = YES;
				CLANG_WARN_SUSPICIOUS_MOVE = YES;
				CLANG_WARN_UNGUARDED_AVAILABILITY = YES_AGGRESSIVE;
				CLANG_WARN_UNREACHABLE_CODE = YES;
				CLANG_WARN__DUPLICATE_METHOD_MATCH = YES;
				COPY_PHASE_STRIP = NO;
				DEBUG_INFORMATION_FORMAT = dwarf;
				ENABLE_STRICT_OBJC_MSGSEND = YES;
				ENABLE_TESTABILITY = YES;
				ENABLE_USER_SCRIPT_SANDBOXING = YES;
				GCC_C_LANGUAGE_STANDARD = gnu17;
				GCC_DYNAMIC_NO_PIC = NO;
				GCC_NO_COMMON_BLOCKS = YES;
				GCC_OPTIMIZATION_LEVEL = 0;
				GCC_PREPROCESSOR_DEFINITIONS = (
					"DEBUG=1",
					"$(inherited)",
				);
				GCC_WARN_64_TO_32_BIT_CONVERSION = YES;
				GCC_WARN_ABOUT_RETURN_TYPE = YES_ERROR;
				GCC_WARN_UNDECLARED_SELECTOR = YES;
				GCC_WARN_UNINITIALIZED_AUTOS = YES_AGGRESSIVE;
				GCC_WARN_UNUSED_FUNCTION = YES;
				GCC_WARN_UNUSED_VARIABLE = YES;
				IPHONEOS_DEPLOYMENT_TARGET = 18.5;
				LOCALIZATION_PREFERS_STRING_CATALOGS = YES;
				MTL_ENABLE_DEBUG_INFO = INCLUDE_SOURCE;
				MTL_FAST_MATH = YES;
				ONLY_ACTIVE_ARCH = YES;
				SDKROOT = iphoneos;
				SWIFT_ACTIVE_COMPILATION_CONDITIONS = "DEBUG $(inherited)";
				SWIFT_OPTIMIZATION_LEVEL = "-Onone";
			};
			name = Debug;
		};
		F30898392E39083B00836434 /* Release */ = {
			isa = XCBuildConfiguration;
			buildSettings = {
				ALWAYS_SEARCH_USER_PATHS = NO;
				ASSETCATALOG_COMPILER_GENERATE_SWIFT_ASSET_SYMBOL_EXTENSIONS = YES;
				CLANG_ANALYZER_NONNULL = YES;
				CLANG_ANALYZER_NUMBER_OBJECT_CONVERSION = YES_AGGRESSIVE;
				CLANG_CXX_LANGUAGE_STANDARD = "gnu++20";
				CLANG_ENABLE_MODULES = YES;
				CLANG_ENABLE_OBJC_ARC = YES;
				CLANG_ENABLE_OBJC_WEAK = YES;
				CLANG_WARN_BLOCK_CAPTURE_AUTORELEASING = YES;
				CLANG_WARN_BOOL_CONVERSION = YES;
				CLANG_WARN_COMMA = YES;
				CLANG_WARN_CONSTANT_CONVERSION = YES;
				CLANG_WARN_DEPRECATED_OBJC_IMPLEMENTATIONS = YES;
				CLANG_WARN_DIRECT_OBJC_ISA_USAGE = YES_ERROR;
				CLANG_WARN_DOCUMENTATION_COMMENTS = YES;
				CLANG_WARN_EMPTY_BODY = YES;
				CLANG_WARN_ENUM_CONVERSION = YES;
				CLANG_WARN_INFINITE_RECURSION = YES;
				CLANG_WARN_INT_CONVERSION = YES;
				CLANG_WARN_NON_LITERAL_NULL_CONVERSION = YES;
				CLANG_WARN_OBJC_IMPLICIT_RETAIN_SELF = YES;
				CLANG_WARN_OBJC_LITERAL_CONVERSION = YES;
				CLANG_WARN_OBJC_ROOT_CLASS = YES_ERROR;
				CLANG_WARN_QUOTED_INCLUDE_IN_FRAMEWORK_HEADER = YES;
				CLANG_WARN_RANGE_LOOP_ANALYSIS = YES;
				CLANG_WARN_STRICT_PROTOTYPES = YES;
				CLANG_WARN_SUSPICIOUS_MOVE = YES;
				CLANG_WARN_UNGUARDED_AVAILABILITY = YES_AGGRESSIVE;
				CLANG_WARN_UNREACHABLE_CODE = YES;
				CLANG_WARN__DUPLICATE_METHOD_MATCH = YES;
				COPY_PHASE_STRIP = NO;
				DEBUG_INFORMATION_FORMAT = "dwarf-with-dsym";
				ENABLE_NS_ASSERTIONS = NO;
				ENABLE_STRICT_OBJC_MSGSEND = YES;
				ENABLE_USER_SCRIPT_SANDBOXING = YES;
				GCC_C_LANGUAGE_STANDARD = gnu17;
				GCC_NO_COMMON_BLOCKS = YES;
				GCC_WARN_64_TO_32_BIT_CONVERSION = YES;
				GCC_WARN_ABOUT_RETURN_TYPE = YES_ERROR;
				GCC_WARN_UNDECLARED_SELECTOR = YES;
				GCC_WARN_UNINITIALIZED_AUTOS = YES_AGGRESSIVE;
				GCC_WARN_UNUSED_FUNCTION = YES;
				GCC_WARN_UNUSED_VARIABLE = YES;
				IPHONEOS_DEPLOYMENT_TARGET = 18.5;
				LOCALIZATION_PREFERS_STRING_CATALOGS = YES;
				MTL_ENABLE_DEBUG_INFO = NO;
				MTL_FAST_MATH = YES;
				SDKROOT = iphoneos;
				SWIFT_COMPILATION_MODE = wholemodule;
				VALIDATE_PRODUCT = YES;
			};
			name = Release;
		};
		F308983B2E39083B00836434 /* Debug */ = {
			isa = XCBuildConfiguration;
			buildSettings = {
				ASSETCATALOG_COMPILER_APPICON_NAME = AppIcon;
				ASSETCATALOG_COMPILER_GLOBAL_ACCENT_COLOR_NAME = AccentColor;
				CODE_SIGN_STYLE = Automatic;
				CURRENT_PROJECT_VERSION = 1;
				DEVELOPMENT_TEAM = 64KCF3XZ6R;
				ENABLE_PREVIEWS = YES;
				GENERATE_INFOPLIST_FILE = YES;
				INFOPLIST_FILE = Joiefull/Info.plist;
				INFOPLIST_KEY_UIApplicationSceneManifest_Generation = YES;
				INFOPLIST_KEY_UIApplicationSupportsIndirectInputEvents = YES;
				INFOPLIST_KEY_UILaunchScreen_Generation = YES;
				INFOPLIST_KEY_UISupportedInterfaceOrientations_iPad = "UIInterfaceOrientationPortrait UIInterfaceOrientationPortraitUpsideDown UIInterfaceOrientationLandscapeLeft UIInterfaceOrientationLandscapeRight";
				INFOPLIST_KEY_UISupportedInterfaceOrientations_iPhone = "UIInterfaceOrientationPortrait UIInterfaceOrientationLandscapeLeft UIInterfaceOrientationLandscapeRight";
				LD_RUNPATH_SEARCH_PATHS = (
					"$(inherited)",
					"@executable_path/Frameworks",
				);
				MARKETING_VERSION = 1.0;
				PRODUCT_BUNDLE_IDENTIFIER = com.bougaranhelena.Joiefull;
				PRODUCT_NAME = "$(TARGET_NAME)";
				SWIFT_EMIT_LOC_STRINGS = YES;
				SWIFT_VERSION = 5.0;
				TARGETED_DEVICE_FAMILY = "1,2";
			};
			name = Debug;
		};
		F308983C2E39083B00836434 /* Release */ = {
			isa = XCBuildConfiguration;
			buildSettings = {
				ASSETCATALOG_COMPILER_APPICON_NAME = AppIcon;
				ASSETCATALOG_COMPILER_GLOBAL_ACCENT_COLOR_NAME = AccentColor;
				CODE_SIGN_STYLE = Automatic;
				CURRENT_PROJECT_VERSION = 1;
				DEVELOPMENT_TEAM = 64KCF3XZ6R;
				ENABLE_PREVIEWS = YES;
				GENERATE_INFOPLIST_FILE = YES;
				INFOPLIST_FILE = Joiefull/Info.plist;
				INFOPLIST_KEY_UIApplicationSceneManifest_Generation = YES;
				INFOPLIST_KEY_UIApplicationSupportsIndirectInputEvents = YES;
				INFOPLIST_KEY_UILaunchScreen_Generation = YES;
				INFOPLIST_KEY_UISupportedInterfaceOrientations_iPad = "UIInterfaceOrientationPortrait UIInterfaceOrientationPortraitUpsideDown UIInterfaceOrientationLandscapeLeft UIInterfaceOrientationLandscapeRight";
				INFOPLIST_KEY_UISupportedInterfaceOrientations_iPhone = "UIInterfaceOrientationPortrait UIInterfaceOrientationLandscapeLeft UIInterfaceOrientationLandscapeRight";
				LD_RUNPATH_SEARCH_PATHS = (
					"$(inherited)",
					"@executable_path/Frameworks",
				);
				MARKETING_VERSION = 1.0;
				PRODUCT_BUNDLE_IDENTIFIER = com.bougaranhelena.Joiefull;
				PRODUCT_NAME = "$(TARGET_NAME)";
				SWIFT_EMIT_LOC_STRINGS = YES;
				SWIFT_VERSION = 5.0;
				TARGETED_DEVICE_FAMILY = "1,2";
			};
			name = Release;
		};
		F3789E6F2E42324400B682D6 /* Debug */ = {
			isa = XCBuildConfiguration;
			buildSettings = {
				BUNDLE_LOADER = "$(TEST_HOST)";
				CODE_SIGN_STYLE = Automatic;
				CURRENT_PROJECT_VERSION = 1;
				GENERATE_INFOPLIST_FILE = YES;
				MARKETING_VERSION = 1.0;
				PRODUCT_BUNDLE_IDENTIFIER = com.bougaranhelena.JoiefullTests;
				PRODUCT_NAME = "$(TARGET_NAME)";
				SWIFT_EMIT_LOC_STRINGS = NO;
				SWIFT_VERSION = 5.0;
				TARGETED_DEVICE_FAMILY = "1,2";
				TEST_HOST = "$(BUILT_PRODUCTS_DIR)/Joiefull.app/$(BUNDLE_EXECUTABLE_FOLDER_PATH)/Joiefull";
			};
			name = Debug;
		};
		F3789E702E42324400B682D6 /* Release */ = {
			isa = XCBuildConfiguration;
			buildSettings = {
				BUNDLE_LOADER = "$(TEST_HOST)";
				CODE_SIGN_STYLE = Automatic;
				CURRENT_PROJECT_VERSION = 1;
				GENERATE_INFOPLIST_FILE = YES;
				MARKETING_VERSION = 1.0;
				PRODUCT_BUNDLE_IDENTIFIER = com.bougaranhelena.JoiefullTests;
				PRODUCT_NAME = "$(TARGET_NAME)";
				SWIFT_EMIT_LOC_STRINGS = NO;
				SWIFT_VERSION = 5.0;
				TARGETED_DEVICE_FAMILY = "1,2";
				TEST_HOST = "$(BUILT_PRODUCTS_DIR)/Joiefull.app/$(BUNDLE_EXECUTABLE_FOLDER_PATH)/Joiefull";
			};
			name = Release;
		};
/* End XCBuildConfiguration section */

/* Begin XCConfigurationList section */
		F308982A2E39083A00836434 /* Build configuration list for PBXProject "Joiefull" */ = {
			isa = XCConfigurationList;
			buildConfigurations = (
				F30898382E39083B00836434 /* Debug */,
				F30898392E39083B00836434 /* Release */,
			);
			defaultConfigurationIsVisible = 0;
			defaultConfigurationName = Release;
		};
		F308983A2E39083B00836434 /* Build configuration list for PBXNativeTarget "Joiefull" */ = {
			isa = XCConfigurationList;
			buildConfigurations = (
				F308983B2E39083B00836434 /* Debug */,
				F308983C2E39083B00836434 /* Release */,
			);
			defaultConfigurationIsVisible = 0;
			defaultConfigurationName = Release;
		};
		F3789E712E42324400B682D6 /* Build configuration list for PBXNativeTarget "JoiefullTests" */ = {
			isa = XCConfigurationList;
			buildConfigurations = (
				F3789E6F2E42324400B682D6 /* Debug */,
				F3789E702E42324400B682D6 /* Release */,
			);
			defaultConfigurationIsVisible = 0;
			defaultConfigurationName = Release;
		};
/* End XCConfigurationList section */
	};
	rootObject = F30898272E39083A00836434 /* Project object */;
}
